
Microsoft Visual Studio Solution File, Format Version 12.00
# Visual Studio Version 16
VisualStudioVersion = 16.0.30225.117
MinimumVisualStudioVersion = 10.0.40219.1
Project("{9A19103F-16F7-4668-BE54-9A1E7A4F7556}") = "ChallengeTest", "ChallengeTest\ChallengeTest.csproj", "{E4C95B82-EC3A-478C-9A06-603FBFA26C5D}"
EndProject
Project("{2150E333-8FDC-42A3-9474-1A3956D46DE8}") = "Solution Items", "Solution Items", "{C1FEE67F-2401-4938-B482-1928E04A9561}"
	ProjectSection(SolutionItems) = preProject
		README.md = README.md
	EndProjectSection
EndProject
Project("{9A19103F-16F7-4668-BE54-9A1E7A4F7556}") = "ChallengeLib", "ChallengeLib\ChallengeLib.csproj", "{967CC0C4-E8AB-4D1E-B02F-87299A91B66E}"
EndProject
Project("{9A19103F-16F7-4668-BE54-9A1E7A4F7556}") = "ChallengeWeb", "ChallengeWeb\ChallengeWeb.csproj", "{82558379-D3C3-4640-AC96-FC93E42395CE}"
EndProject
Global
	GlobalSection(SolutionConfigurationPlatforms) = preSolution
		Debug|Any CPU = Debug|Any CPU
		Release|Any CPU = Release|Any CPU
	EndGlobalSection
	GlobalSection(ProjectConfigurationPlatforms) = postSolution
		{E4C95B82-EC3A-478C-9A06-603FBFA26C5D}.Debug|Any CPU.ActiveCfg = Debug|Any CPU
		{E4C95B82-EC3A-478C-9A06-603FBFA26C5D}.Debug|Any CPU.Build.0 = Debug|Any CPU
		{E4C95B82-EC3A-478C-9A06-603FBFA26C5D}.Release|Any CPU.ActiveCfg = Release|Any CPU
		{E4C95B82-EC3A-478C-9A06-603FBFA26C5D}.Release|Any CPU.Build.0 = Release|Any CPU
		{967CC0C4-E8AB-4D1E-B02F-87299A91B66E}.Debug|Any CPU.ActiveCfg = Debug|Any CPU
		{967CC0C4-E8AB-4D1E-B02F-87299A91B66E}.Debug|Any CPU.Build.0 = Debug|Any CPU
		{967CC0C4-E8AB-4D1E-B02F-87299A91B66E}.Release|Any CPU.ActiveCfg = Release|Any CPU
		{967CC0C4-E8AB-4D1E-B02F-87299A91B66E}.Release|Any CPU.Build.0 = Release|Any CPU
		{82558379-D3C3-4640-AC96-FC93E42395CE}.Debug|Any CPU.ActiveCfg = Debug|Any CPU
		{82558379-D3C3-4640-AC96-FC93E42395CE}.Debug|Any CPU.Build.0 = Debug|Any CPU
		{82558379-D3C3-4640-AC96-FC93E42395CE}.Release|Any CPU.ActiveCfg = Release|Any CPU
		{82558379-D3C3-4640-AC96-FC93E42395CE}.Release|Any CPU.Build.0 = Release|Any CPU
	EndGlobalSection
	GlobalSection(SolutionProperties) = preSolution
		HideSolutionNode = FALSE
	EndGlobalSection
	GlobalSection(ExtensibilityGlobals) = postSolution
		SolutionGuid = {68DFF45B-4141-4D81-B4F8-4D2715E1A641}
	EndGlobalSection
EndGlobal
